
Microsoft Visual Studio Solution File, Format Version 12.00
# Visual Studio 15
VisualStudioVersion = 15.0.27703.2018
MinimumVisualStudioVersion = 10.0.40219.1
Project("{FAE04EC0-301F-11D3-BF4B-00C04F79EFBC}") = "04_ExtensionMethods", "04_ExtensionMethods\04_ExtensionMethods.csproj", "{2EFCECE6-1757-4752-AF89-E7BFB99C470C}"
EndProject
Global
	GlobalSection(SolutionConfigurationPlatforms) = preSolution
		Debug|Any CPU = Debug|Any CPU
		Release|Any CPU = Release|Any CPU
	EndGlobalSection
	GlobalSection(ProjectConfigurationPlatforms) = postSolution
		{2EFCECE6-1757-4752-AF89-E7BFB99C470C}.Debug|Any CPU.ActiveCfg = Debug|Any CPU
		{2EFCECE6-1757-4752-AF89-E7BFB99C470C}.Debug|Any CPU.Build.0 = Debug|Any CPU
		{2EFCECE6-1757-4752-AF89-E7BFB99C470C}.Release|Any CPU.ActiveCfg = Release|Any CPU
		{2EFCECE6-1757-4752-AF89-E7BFB99C470C}.Release|Any CPU.Build.0 = Release|Any CPU
	EndGlobalSection
	GlobalSection(SolutionProperties) = preSolution
		HideSolutionNode = FALSE
	EndGlobalSection
	GlobalSection(ExtensibilityGlobals) = postSolution
		SolutionGuid = {B51821C2-6EE2-488D-B2B9-6934E0E13429}
	EndGlobalSection
EndGlobal
